# THIS IS AN AUTOGENERATED FILE. DO NOT EDIT THIS FILE DIRECTLY.
# yarn lockfile v1


JSONStream@~0.8.0:
  version "0.8.4"
  resolved "https://registry.yarnpkg.com/JSONStream/-/JSONStream-0.8.4.tgz#91657dfe6ff857483066132b4618b62e8f4887bd"
  dependencies:
    jsonparse "0.0.5"
    through ">=2.2.7 <3"

abbrev@1:
  version "1.1.1"
  resolved "https://registry.yarnpkg.com/abbrev/-/abbrev-1.1.1.tgz#f8f2c887ad10bf67f634f005b6987fed3179aac8"

acorn-node@^1.2.0:
  version "1.3.0"
  resolved "https://registry.yarnpkg.com/acorn-node/-/acorn-node-1.3.0.tgz#5f86d73346743810ef1269b901dbcbded020861b"
  dependencies:
    acorn "^5.4.1"
    xtend "^4.0.1"

acorn@^5.2.1, acorn@^5.4.1:
  version "5.5.3"
  resolved "https://registry.yarnpkg.com/acorn/-/acorn-5.5.3.tgz#f473dd47e0277a08e28e9bec5aeeb04751f0b8c9"

adm-zip@^0.4.3:
  version "0.4.7"
  resolved "https://registry.yarnpkg.com/adm-zip/-/adm-zip-0.4.7.tgz#8606c2cbf1c426ce8c8ec00174447fd49b6eafc1"

agent-base@~1.0.1:
  version "1.0.2"
  resolved "https://registry.yarnpkg.com/agent-base/-/agent-base-1.0.2.tgz#6890d3fb217004b62b70f8928e0fae5f8952a706"

align-text@^0.1.1, align-text@^0.1.3:
  version "0.1.4"
  resolved "https://registry.yarnpkg.com/align-text/-/align-text-0.1.4.tgz#0cd90a561093f35d0a99256c22b7069433fad117"
  dependencies:
    kind-of "^3.0.2"
    longest "^1.0.1"
    repeat-string "^1.5.2"

alter@~0.2.0:
  version "0.2.0"
  resolved "https://registry.yarnpkg.com/alter/-/alter-0.2.0.tgz#c7588808617572034aae62480af26b1d4d1cb3cd"
  dependencies:
    stable "~0.1.3"

amdefine@>=0.0.4:
  version "1.0.1"
  resolved "https://registry.yarnpkg.com/amdefine/-/amdefine-1.0.1.tgz#4a5282ac164729e93619bcfd3ad151f817ce91f5"

archy@~0.0.2:
  version "0.0.2"
  resolved "https://registry.yarnpkg.com/archy/-/archy-0.0.2.tgz#910f43bf66141fc335564597abc189df44b3d35e"

ast-traverse@~0.1.1:
  version "0.1.1"
  resolved "https://registry.yarnpkg.com/ast-traverse/-/ast-traverse-0.1.1.tgz#69cf2b8386f19dcda1bb1e05d68fe359d8897de6"

ast-types@0.8.12:
  version "0.8.12"
  resolved "https://registry.yarnpkg.com/ast-types/-/ast-types-0.8.12.tgz#a0d90e4351bb887716c83fd637ebf818af4adfcc"

ast-types@0.9.6:
  version "0.9.6"
  resolved "https://registry.yarnpkg.com/ast-types/-/ast-types-0.9.6.tgz#102c9e9e9005d3e7e3829bf0c4fa24ee862ee9b9"

ast-types@0.x.x:
  version "0.11.3"
  resolved "https://registry.yarnpkg.com/ast-types/-/ast-types-0.11.3.tgz#c20757fe72ee71278ea0ff3d87e5c2ca30d9edf8"

autoprefixer-core@^3.1.1:
  version "3.1.2"
  resolved "https://registry.yarnpkg.com/autoprefixer-core/-/autoprefixer-core-3.1.2.tgz#ade5ce9e2d9d71bb7ffc31d696fa5e87aebeb634"
  dependencies:
    caniuse-db "^1.0.30000006"
    postcss "~2.2.5"

balanced-match@^1.0.0:
  version "1.0.0"
  resolved "https://registry.yarnpkg.com/balanced-match/-/balanced-match-1.0.0.tgz#89b4d199ab2bee49de164ea02b89ce462d71b767"

base62@0.1.1:
  version "0.1.1"
  resolved "https://registry.yarnpkg.com/base62/-/base62-0.1.1.tgz#7b4174c2f94449753b11c2651c083da841a7b084"

block-stream@*:
  version "0.0.9"
  resolved "https://registry.yarnpkg.com/block-stream/-/block-stream-0.0.9.tgz#13ebfe778a03205cfe03751481ebb4b3300c126a"
  dependencies:
    inherits "~2.0.0"

brace-expansion@^1.1.7:
  version "1.1.11"
  resolved "https://registry.yarnpkg.com/brace-expansion/-/brace-expansion-1.1.11.tgz#3c7fcbf529d87226f3d2f52b966ff5271eb441dd"
  dependencies:
    balanced-match "^1.0.0"
    concat-map "0.0.1"

breakable@~1.0.0:
  version "1.0.0"
  resolved "https://registry.yarnpkg.com/breakable/-/breakable-1.0.0.tgz#784a797915a38ead27bad456b5572cb4bbaa78c1"

builder-autoprefixer@^1.0.3:
  version "1.0.4"
  resolved "https://registry.yarnpkg.com/builder-autoprefixer/-/builder-autoprefixer-1.0.4.tgz#9cd8c376a6d7a17200bd8ca331b51f2300e1ac70"
  dependencies:
    autoprefixer-core "^3.1.1"

builder-es6-module-to-cjs@^1.1.0:
  version "1.1.0"
  resolved "https://registry.yarnpkg.com/builder-es6-module-to-cjs/-/builder-es6-module-to-cjs-1.1.0.tgz#79f3297d18c47bb88b43947538fa1c7274271ee3"
  dependencies:
    es6-module-jstransform "^0.1.2"
    is-module "^1.0.0"

bytes@1.0.0:
  version "1.0.0"
  resolved "https://registry.yarnpkg.com/bytes/-/bytes-1.0.0.tgz#3569ede8ba34315fab99c3e92cb04c7220de1fa8"

bytes@~0.3.0:
  version "0.3.0"
  resolved "https://registry.yarnpkg.com/bytes/-/bytes-0.3.0.tgz#78e2e0e28c7f9c7b988ea8aee0db4d5fa9941935"

camelcase@^1.2.1:
  version "1.2.1"
  resolved "https://registry.yarnpkg.com/camelcase/-/camelcase-1.2.1.tgz#9bb5304d2e0b56698b2c758b08a3eaa9daa58a39"

caniuse-db@^1.0.30000006:
  version "1.0.30000830"
  resolved "https://registry.yarnpkg.com/caniuse-db/-/caniuse-db-1.0.30000830.tgz#6e45255b345649fd15ff59072da1e12bb3de2f13"

center-align@^0.1.1:
  version "0.1.3"
  resolved "https://registry.yarnpkg.com/center-align/-/center-align-0.1.3.tgz#aa0d32629b6ee972200411cbd4461c907bc2b7ad"
  dependencies:
    align-text "^0.1.3"
    lazy-cache "^1.0.3"

chanel@^2.0.0, chanel@^2.0.1, chanel@^2.0.2:
  version "2.2.0"
  resolved "https://registry.yarnpkg.com/chanel/-/chanel-2.2.0.tgz#265295b28b92aa82005f865dd15a4894c438d93c"
  dependencies:
    co "*"
    generator-supported "*"
    to-descriptor "*"

cliui@^2.1.0:
  version "2.1.0"
  resolved "https://registry.yarnpkg.com/cliui/-/cliui-2.1.0.tgz#4b475760ff80264c762c3a1719032e91c7fea0d1"
  dependencies:
    center-align "^0.1.1"
    right-align "^0.1.1"
    wordwrap "0.0.2"

co@*, co@^3, co@^3.0.0, co@^3.1.0:
  version "3.1.0"
  resolved "https://registry.yarnpkg.com/co/-/co-3.1.0.tgz#4ea54ea5a08938153185e15210c68d9092bc1b78"

co@~3.0.6:
  version "3.0.6"
  resolved "https://registry.yarnpkg.com/co/-/co-3.0.6.tgz#1445f226c5eb956138e68c9ac30167ea7d2e6bda"

"cogent@git://github.com/timaschew/cogent#fix-redirects":
  version "0.4.3-fix-redirects"
  resolved "git://github.com/timaschew/cogent#2246bd071392f5053a3a110024fd608a40a593ba"
  dependencies:
    debug "*"
    generator-supported "~0.0.1"
    netrc "~0.1.3"
    proxy-agent "^1.1.0"
    raw-body "^1.1.2"
    statuses "^1.0.2"
    write-to "^1.0.0"

cogent@~0.4.0:
  version "0.4.3"
  resolved "https://registry.yarnpkg.com/cogent/-/cogent-0.4.3.tgz#500744f11d83e9c0fc43ef6f95e9b9cc715a0854"
  dependencies:
    debug "*"
    generator-supported "~0.0.1"
    netrc "~0.1.3"
    proxy-agent "^1.1.0"
    raw-body "^1.1.2"
    statuses "^1.0.2"
    write-to "^1.0.0"

commander@^2.2.0, commander@^2.5.0:
  version "2.15.1"
  resolved "https://registry.yarnpkg.com/commander/-/commander-2.15.1.tgz#df46e867d0fc2aec66a34662b406a9ccafff5b0f"

commoner@~0.10.3:
  version "0.10.8"
  resolved "https://registry.yarnpkg.com/commoner/-/commoner-0.10.8.tgz#34fc3672cd24393e8bb47e70caa0293811f4f2c5"
  dependencies:
    commander "^2.5.0"
    detective "^4.3.1"
    glob "^5.0.15"
    graceful-fs "^4.1.2"
    iconv-lite "^0.4.5"
    mkdirp "^0.5.0"
    private "^0.1.6"
    q "^1.1.2"
    recast "^0.11.17"

component-build@^1.2.2:
  version "1.2.2"
  resolved "https://registry.yarnpkg.com/component-build/-/component-build-1.2.2.tgz#d5bc25d25204df93a7d9a37a2de004e119a4a57c"
  dependencies:
    builder-autoprefixer "^1.0.3"
    builder-es6-module-to-cjs "^1.1.0"
    component-builder "^1.1.12"
    debug "*"

component-builder@^1.1.12:
  version "1.2.1"
  resolved "https://registry.yarnpkg.com/component-builder/-/component-builder-1.2.1.tgz#a397c18379daf511f85a8cb94ca0d921c1ddb1a4"
  dependencies:
    chanel "^2.0.0"
    co "^3.1.0"
    component-flatten "^1.0.1"
    component-manifest "^1.0.0"
    component-require2 "^1.0.1"
    cp "^0.1.1"
    debug "*"
    generator-supported "~0.0.1"
    graceful-fs "^2.0.3"
    mkdirp "^0.3.5"
    requires "^1.0.0"
    syntax-error "^1.1.1"

component-consoler@^2.0.0:
  version "2.0.0"
  resolved "https://registry.yarnpkg.com/component-consoler/-/component-consoler-2.0.0.tgz#3deabf046c239b6106362ec968940636bba14c23"
  dependencies:
    debug "*"

component-downloader@^1.2.0:
  version "1.2.0"
  resolved "https://registry.yarnpkg.com/component-downloader/-/component-downloader-1.2.0.tgz#6ff67ff71c846a858aae31a88355f9bf1ad43b6d"
  dependencies:
    chanel "^2.0.1"
    co "^3"
    component-consoler "^2.0.0"
    component-remotes "^1.1.1"
    debug "*"
    decompress "~0.2.0"
    generator-supported "~0.0.1"
    graceful-fs "^2.0.2"
    mkdirp "~0.3.5"
    rimraf "^2.2.6"
    semver "^2.2.0"
    unglob "~0.1.2"
    write-to "^1.0.0"

component-flatten@^1.0.1:
  version "1.0.1"
  resolved "https://registry.yarnpkg.com/component-flatten/-/component-flatten-1.0.1.tgz#5b49f49ac45cb88c43032b97a336f53f87cd6c8c"
  dependencies:
    semver "^2.2.1"

component-ls@^2.1.0:
  version "2.1.0"
  resolved "https://registry.yarnpkg.com/component-ls/-/component-ls-2.1.0.tgz#c11edecf89836dde89064ad04fe24add80a51112"
  dependencies:
    archy "~0.0.2"

component-manifest@^1.0.0:
  version "1.0.0"
  resolved "https://registry.yarnpkg.com/component-manifest/-/component-manifest-1.0.0.tgz#48dcbb1ea3c68876227e6adafcf37125b0bcd572"
  dependencies:
    debug "*"
    generator-supported "~0.0.1"
    graceful-fs "^2.0.1"
    unglob "~0.1.1"

component-outdated2@^1.0.4:
  version "1.0.5"
  resolved "https://registry.yarnpkg.com/component-outdated2/-/component-outdated2-1.0.5.tgz#2066c0f42c75c35f2d4bfde2bf9fece0ce463d14"
  dependencies:
    component-consoler "^2.0.0"
    component-flatten "^1.0.1"
    component-remotes "^1.1.5"
    generator-supported "~0.0.1"
    semver "^2.2.1"

component-pin@^1.0.4:
  version "1.0.5"
  resolved "https://registry.yarnpkg.com/component-pin/-/component-pin-1.0.5.tgz#bfa94e01ea42075f2e7d4d7b5f78b662ddb8358d"
  dependencies:
    component-consoler "^2.0.0"
    component-flatten "^1.0.1"
    component-remotes "^1.1.5"
    generator-supported "~0.0.1"
    semver "^2.2.1"

component-remotes@^1.1.1, component-remotes@^1.1.5, component-remotes@^1.1.6, component-remotes@^1.2.0:
  version "1.2.0"
  resolved "https://registry.yarnpkg.com/component-remotes/-/component-remotes-1.2.0.tgz#3d0798a51e73899c6ce559d93763a56fc7a1d883"
  dependencies:
    co "^3"
    cogent "git://github.com/timaschew/cogent#fix-redirects"
    component-consoler "^2.0.0"
    component-validator "^1.0.0"
    debug "*"
    generator-supported "~0.0.1"
    graceful-fs "^2.0.2"
    semver "^2.2.1"

component-require2@^1.0.1:
  version "1.1.1"
  resolved "https://registry.yarnpkg.com/component-require2/-/component-require2-1.1.1.tgz#3ceaea19873c1c6ef85f53b8f39ef69285af5cc5"

component-resolver@^1.2.6:
  version "1.3.0"
  resolved "https://registry.yarnpkg.com/component-resolver/-/component-resolver-1.3.0.tgz#efd82b05af64ad12785b987c01f0ac41f00a68dc"
  dependencies:
    chanel "^2.0.2"
    co "^3"
    component-consoler "^2.0.0"
    component-downloader "^1.2.0"
    component-flatten "^1.0.1"
    component-remotes "^1.2.0"
    component-validator "^1.1.1"
    debug "*"
    generator-supported "~0.0.1"
    graceful-fs "^2.0.1"
    semver "^2.2.1"
    unglob "~0.1.2"

component-search2@^1.1.1:
  version "1.1.1"
  resolved "https://registry.yarnpkg.com/component-search2/-/component-search2-1.1.1.tgz#926783ca06f61ef75ded85bb655baade2fc9eb91"
  dependencies:
    JSONStream "~0.8.0"
    bytes "~0.3.0"
    cogent "~0.4.0"
    component-consoler "^2.0.0"
    debug "*"
    event-stream "^3.1.1"
    generator-supported "~0.0.1"
    stream-to-array "^1.0.0"

component-updater@^1.0.4:
  version "1.0.5"
  resolved "https://registry.yarnpkg.com/component-updater/-/component-updater-1.0.5.tgz#08777f671ce875e13e307c1d8217c2ea5f1a4ac4"
  dependencies:
    component-consoler "^2.0.0"
    component-flatten "^1.0.1"
    component-remotes "^1.1.5"
    generator-supported "~0.0.1"
    semver "^2.2.1"

component-validator@^1.0.0, component-validator@^1.1.1:
  version "1.1.1"
  resolved "https://registry.yarnpkg.com/component-validator/-/component-validator-1.1.1.tgz#fa50feb7f58bec89dd69792d13a327e252608e5e"
  dependencies:
    component-consoler "^2.0.0"

component-watcher@^1.0.1:
  version "1.0.3"
  resolved "https://registry.yarnpkg.com/component-watcher/-/component-watcher-1.0.3.tgz#c25e80174b0b4055495d7ef1267986266d90c535"
  dependencies:
    debug "*"
    sane "0"

component@1.0.0:
  version "1.0.0"
  resolved "https://registry.yarnpkg.com/component/-/component-1.0.0.tgz#acc02946c10e4fce216b27b68586ae41d078bbc6"
  dependencies:
    co "^3.0.0"
    commander "^2.2.0"
    component-build "^1.2.2"
    component-consoler "^2.0.0"
    component-flatten "^1.0.1"
    component-ls "^2.1.0"
    component-outdated2 "^1.0.4"
    component-pin "^1.0.4"
    component-remotes "^1.1.6"
    component-resolver "^1.2.6"
    component-search2 "^1.1.1"
    component-updater "^1.0.4"
    component-watcher "^1.0.1"
    debug "*"
    mkdirp "~0.3.5"
    rimraf "^2.2.6"
    semver "^2.2.1"
    superagent "~0.17.0"
    tiny-lr-fork "0.0.5"
    win-fork "~1.1.1"

concat-map@0.0.1:
  version "0.0.1"
  resolved "https://registry.yarnpkg.com/concat-map/-/concat-map-0.0.1.tgz#d8a96bd77fd68df7793a73036a3ba0d5405d477b"

cookiejar@1.3.0:
  version "1.3.0"
  resolved "https://registry.yarnpkg.com/cookiejar/-/cookiejar-1.3.0.tgz#dd00b35679021e99cbd4e855b9ad041913474765"

core-util-is@~1.0.0:
  version "1.0.2"
  resolved "https://registry.yarnpkg.com/core-util-is/-/core-util-is-1.0.2.tgz#b5fd54220aa2bc5ab57aab7140c940754503c1a7"

cp@^0.1.1:
  version "0.1.1"
  resolved "https://registry.yarnpkg.com/cp/-/cp-0.1.1.tgz#3946a76c1a53ffe0e68593f341c124b336c1f06d"

data-uri-to-buffer@0:
  version "0.0.4"
  resolved "https://registry.yarnpkg.com/data-uri-to-buffer/-/data-uri-to-buffer-0.0.4.tgz#46e13ab9da8e309745c8d01ce547213ebdb2fe3f"

debug@*:
  version "3.1.0"
  resolved "https://registry.yarnpkg.com/debug/-/debug-3.1.0.tgz#5bb5a0672628b64149566ba16819e61518c67261"
  dependencies:
    ms "2.0.0"

debug@2:
  version "2.6.9"
  resolved "https://registry.yarnpkg.com/debug/-/debug-2.6.9.tgz#5d128515df134ff327e90a4c93f4e077a536341f"
  dependencies:
    ms "2.0.0"

debug@~0.7.0, debug@~0.7.2:
  version "0.7.4"
  resolved "https://registry.yarnpkg.com/debug/-/debug-0.7.4.tgz#06e1ea8082c2cb14e39806e22e2f6f757f92af39"

decamelize@^1.0.0:
  version "1.2.0"
  resolved "https://registry.yarnpkg.com/decamelize/-/decamelize-1.2.0.tgz#f6534d15148269b20352e7bee26f501f9a191290"

decompress@~0.2.0:
  version "0.2.5"
  resolved "https://registry.yarnpkg.com/decompress/-/decompress-0.2.5.tgz#d213233efe066ccd80d914d793f1b30cd984b847"
  dependencies:
    adm-zip "^0.4.3"
    ext-name "^1.0.0"
    get-stdin "^0.1.0"
    mkdirp "^0.3.5"
    nopt "^2.2.0"
    rimraf "^2.2.2"
    stream-combiner "^0.0.4"
    tar "^0.1.18"
    tempfile "^0.1.2"

deep-is@~0.1.3:
  version "0.1.3"
  resolved "https://registry.yarnpkg.com/deep-is/-/deep-is-0.1.3.tgz#b369d6fb5dbc13eecf524f91b070feedc357cf34"

defined@^1.0.0:
  version "1.0.0"
  resolved "https://registry.yarnpkg.com/defined/-/defined-1.0.0.tgz#c98d9bcef75674188e110969151199e39b1fa693"

defs@~1.1.0:
  version "1.1.1"
  resolved "https://registry.yarnpkg.com/defs/-/defs-1.1.1.tgz#b22609f2c7a11ba7a3db116805c139b1caffa9d2"
  dependencies:
    alter "~0.2.0"
    ast-traverse "~0.1.1"
    breakable "~1.0.0"
    esprima-fb "~15001.1001.0-dev-harmony-fb"
    simple-fmt "~0.1.0"
    simple-is "~0.2.0"
    stringmap "~0.2.2"
    stringset "~0.2.1"
    tryor "~0.1.2"
    yargs "~3.27.0"

degenerator@~1.0.0:
  version "1.0.4"
  resolved "https://registry.yarnpkg.com/degenerator/-/degenerator-1.0.4.tgz#fcf490a37ece266464d9cc431ab98c5819ced095"
  dependencies:
    ast-types "0.x.x"
    escodegen "1.x.x"
    esprima "3.x.x"

detective@^4.3.1:
  version "4.7.1"
  resolved "https://registry.yarnpkg.com/detective/-/detective-4.7.1.tgz#0eca7314338442febb6d65da54c10bb1c82b246e"
  dependencies:
    acorn "^5.2.1"
    defined "^1.0.0"

dethroy@1:
  version "1.0.2"
  resolved "https://registry.yarnpkg.com/dethroy/-/dethroy-1.0.2.tgz#c82003317693dcbcda3f752b0182e3bf16dd4421"

duplexer@~0.1.1:
  version "0.1.1"
  resolved "https://registry.yarnpkg.com/duplexer/-/duplexer-0.1.1.tgz#ace6ff808c1ce66b57d1ebf97977acb02334cfc1"

emitter-component@1.0.0:
  version "1.0.0"
  resolved "https://registry.yarnpkg.com/emitter-component/-/emitter-component-1.0.0.tgz#f04dd18fc3dc3e9a74cbc0f310b088666e4c016f"

es6-module-jstransform@^0.1.2:
  version "0.1.4"
  resolved "https://registry.yarnpkg.com/es6-module-jstransform/-/es6-module-jstransform-0.1.4.tgz#3ad1e3eaab74518f5af23c1014f1828c5e967c02"
  dependencies:
    esprima-fb "~3001.1.0-dev-harmony-fb"
    jstransform "~3.0.0"

escodegen@1.x.x:
  version "1.9.1"
  resolved "https://registry.yarnpkg.com/escodegen/-/escodegen-1.9.1.tgz#dbae17ef96c8e4bedb1356f4504fa4cc2f7cb7e2"
  dependencies:
    esprima "^3.1.3"
    estraverse "^4.2.0"
    esutils "^2.0.2"
    optionator "^0.8.1"
  optionalDependencies:
    source-map "~0.6.1"

esprima-fb@~15001.1001.0-dev-harmony-fb:
  version "15001.1001.0-dev-harmony-fb"
  resolved "https://registry.yarnpkg.com/esprima-fb/-/esprima-fb-15001.1001.0-dev-harmony-fb.tgz#43beb57ec26e8cf237d3dd8b33e42533577f2659"

esprima-fb@~3001.1.0-dev-harmony-fb:
  version "3001.1.0-dev-harmony-fb"
  resolved "https://registry.yarnpkg.com/esprima-fb/-/esprima-fb-3001.0001.0000-dev-harmony-fb.tgz#b77d37abcd38ea0b77426bb8bc2922ce6b426411"

esprima@3.x.x, esprima@^3.1.3, esprima@~3.1.0:
  version "3.1.3"
  resolved "https://registry.yarnpkg.com/esprima/-/esprima-3.1.3.tgz#fdca51cee6133895e3c88d535ce49dbff62a4633"

estraverse@^4.2.0:
  version "4.2.0"
  resolved "https://registry.yarnpkg.com/estraverse/-/estraverse-4.2.0.tgz#0dee3fed31fcd469618ce7342099fc1afa0bdb13"

esutils@^2.0.2:
  version "2.0.2"
  resolved "https://registry.yarnpkg.com/esutils/-/esutils-2.0.2.tgz#0abf4f1caa5bcb1f7a9d8acc6dea4faaa04bac9b"

event-stream@^3.1.1:
  version "3.3.4"
  resolved "http://registry.npmjs.org/event-stream/-/event-stream-3.3.4.tgz#4ab4c9a0f5a54db9338b4c34d86bfce8f4b35571"
  dependencies:
    duplexer "~0.1.1"
    from "~0"
    map-stream "~0.1.0"
    pause-stream "0.0.11"
    split "0.3"
    stream-combiner "~0.0.4"
    through "~2.3.1"

ext-list@^0.2.0:
  version "0.2.0"
  resolved "https://registry.yarnpkg.com/ext-list/-/ext-list-0.2.0.tgz#3614d5f299f4a592a89629e7de825f1774d19abd"
  dependencies:
    got "^0.2.0"

ext-name@^1.0.0:
  version "1.0.1"
  resolved "https://registry.yarnpkg.com/ext-name/-/ext-name-1.0.1.tgz#18283356dc40a393455c54460f0599ce97d30e0c"
  dependencies:
    ext-list "^0.2.0"
    underscore.string "~2.3.3"

extend@3:
  version "3.0.1"
  resolved "https://registry.yarnpkg.com/extend/-/extend-3.0.1.tgz#a755ea7bc1adfcc5a31ce7e762dbaadc5e636444"

extend@~1.2.1:
  version "1.2.1"
  resolved "https://registry.yarnpkg.com/extend/-/extend-1.2.1.tgz#a0f5fd6cfc83a5fe49ef698d60ec8a624dd4576c"

fast-levenshtein@~2.0.4:
  version "2.0.6"
  resolved "https://registry.yarnpkg.com/fast-levenshtein/-/fast-levenshtein-2.0.6.tgz#3d8a5c66883a16a30ca8643e851f19baa7797917"

faye-websocket@~0.4.3:
  version "0.4.4"
  resolved "https://registry.yarnpkg.com/faye-websocket/-/faye-websocket-0.4.4.tgz#c14c5b3bf14d7417ffbfd990c0a7495cd9f337bc"

file-uri-to-path@0:
  version "0.0.2"
  resolved "https://registry.yarnpkg.com/file-uri-to-path/-/file-uri-to-path-0.0.2.tgz#37cdd1b5b905404b3f05e1b23645be694ff70f82"

formidable@1.0.14:
  version "1.0.14"
  resolved "https://registry.yarnpkg.com/formidable/-/formidable-1.0.14.tgz#2b3f4c411cbb5fdd695c44843e2a23514a43231a"

from@~0:
  version "0.1.7"
  resolved "https://registry.yarnpkg.com/from/-/from-0.1.7.tgz#83c60afc58b9c56997007ed1a768b3ab303a44fe"

fs.realpath@^1.0.0:
  version "1.0.0"
  resolved "https://registry.yarnpkg.com/fs.realpath/-/fs.realpath-1.0.0.tgz#1504ad2523158caa40db4a2787cb01411994ea4f"

fstream@~0.1.28:
  version "0.1.31"
  resolved "https://registry.yarnpkg.com/fstream/-/fstream-0.1.31.tgz#7337f058fbbbbefa8c9f561a28cab0849202c988"
  dependencies:
    graceful-fs "~3.0.2"
    inherits "~2.0.0"
    mkdirp "0.5"
    rimraf "2"

ftp@~0.3.5:
  version "0.3.10"
  resolved "https://registry.yarnpkg.com/ftp/-/ftp-0.3.10.tgz#9197d861ad8142f3e63d5a83bfe4c59f7330885d"
  dependencies:
    readable-stream "1.1.x"
    xregexp "2.0.0"

generator-supported@*, generator-supported@~0.0.1:
  version "0.0.1"
  resolved "https://registry.yarnpkg.com/generator-supported/-/generator-supported-0.0.1.tgz#922bd2201a6c38d8facb815d593d8a03c898c299"

get-stdin@^0.1.0:
  version "0.1.0"
  resolved "https://registry.yarnpkg.com/get-stdin/-/get-stdin-0.1.0.tgz#5998af24aafc802d15c82c685657eeb8b10d4a91"

get-uri@~0.1.0:
  version "0.1.4"
  resolved "https://registry.yarnpkg.com/get-uri/-/get-uri-0.1.4.tgz#35f8a7954c129fb132ff2ddf5ed81a57cb8a9e54"
  dependencies:
    data-uri-to-buffer "0"
    debug "2"
    extend "3"
    file-uri-to-path "0"
    ftp "~0.3.5"
    readable-stream "2"

glob@^5.0.15:
  version "5.0.15"
  resolved "https://registry.yarnpkg.com/glob/-/glob-5.0.15.tgz#1bc936b9e02f4a603fcc222ecf7633d30b8b93b1"
  dependencies:
    inflight "^1.0.4"
    inherits "2"
    minimatch "2 || 3"
    once "^1.3.0"
    path-is-absolute "^1.0.0"

glob@^7.0.5:
  version "7.1.2"
  resolved "https://registry.yarnpkg.com/glob/-/glob-7.1.2.tgz#c19c9df9a028702d678612384a6552404c636d15"
  dependencies:
    fs.realpath "^1.0.0"
    inflight "^1.0.4"
    inherits "2"
    minimatch "^3.0.4"
    once "^1.3.0"
    path-is-absolute "^1.0.0"

glob@~3.2.8:
  version "3.2.11"
  resolved "https://registry.yarnpkg.com/glob/-/glob-3.2.11.tgz#4a973f635b9190f715d10987d5c00fd2815ebe3d"
  dependencies:
    inherits "2"
    minimatch "0.3"

got@^0.2.0:
  version "0.2.0"
  resolved "https://registry.yarnpkg.com/got/-/got-0.2.0.tgz#d00c248b29fdccaea940df9ca0995ebff31b51a5"
  dependencies:
    object-assign "^0.3.0"

graceful-fs@^2.0.1, graceful-fs@^2.0.2, graceful-fs@^2.0.3:
  version "2.0.3"
  resolved "https://registry.yarnpkg.com/graceful-fs/-/graceful-fs-2.0.3.tgz#7cd2cdb228a4a3f36e95efa6cc142de7d1a136d0"

graceful-fs@^4.1.2:
  version "4.1.11"
  resolved "https://registry.yarnpkg.com/graceful-fs/-/graceful-fs-4.1.11.tgz#0e8bdfe4d1ddb8854d64e04ea7c00e2a026e5658"

graceful-fs@~3.0.2:
  version "3.0.11"
  resolved "https://registry.yarnpkg.com/graceful-fs/-/graceful-fs-3.0.11.tgz#7613c778a1afea62f25c630a086d7f3acbbdd818"
  dependencies:
    natives "^1.1.0"

http-proxy-agent@0:
  version "0.2.7"
  resolved "https://registry.yarnpkg.com/http-proxy-agent/-/http-proxy-agent-0.2.7.tgz#e17fda65f0902d952ce7921e62c7ff8862655a5e"
  dependencies:
    agent-base "~1.0.1"
    debug "2"
    extend "3"

https-proxy-agent@0:
  version "0.3.6"
  resolved "https://registry.yarnpkg.com/https-proxy-agent/-/https-proxy-agent-0.3.6.tgz#713fa38e5d353f50eb14a342febe29033ed1619b"
  dependencies:
    agent-base "~1.0.1"
    debug "2"
    extend "3"

iconv-lite@0.4.8, iconv-lite@^0.4.5:
  version "0.4.8"
  resolved "https://registry.yarnpkg.com/iconv-lite/-/iconv-lite-0.4.8.tgz#c6019a7595f2cefca702eab694a010bcd9298d20"

inflight@^1.0.4:
  version "1.0.6"
  resolved "https://registry.yarnpkg.com/inflight/-/inflight-1.0.6.tgz#49bd6331d7d02d0c09bc910a1075ba8165b56df9"
  dependencies:
    once "^1.3.0"
    wrappy "1"

inherits@2, inherits@~2.0.0, inherits@~2.0.1, inherits@~2.0.3:
  version "2.0.3"
  resolved "https://registry.yarnpkg.com/inherits/-/inherits-2.0.3.tgz#633c2c83e3da42a502f52466022480f4208261de"

invert-kv@^1.0.0:
  version "1.0.0"
  resolved "https://registry.yarnpkg.com/invert-kv/-/invert-kv-1.0.0.tgz#104a8e4aaca6d3d8cd157a8ef8bfab2d7a3ffdb6"

ip@^1.1.4:
  version "1.1.5"
  resolved "https://registry.yarnpkg.com/ip/-/ip-1.1.5.tgz#bdded70114290828c0a039e72ef25f5aaec4354a"

is-buffer@^1.1.5:
  version "1.1.6"
  resolved "https://registry.yarnpkg.com/is-buffer/-/is-buffer-1.1.6.tgz#efaa2ea9daa0d7ab2ea13a97b2b8ad51fefbe8be"

is-module@^1.0.0:
  version "1.0.0"
  resolved "https://registry.yarnpkg.com/is-module/-/is-module-1.0.0.tgz#3258fb69f78c14d5b815d664336b4cffb6441591"

isarray@0.0.1:
  version "0.0.1"
  resolved "https://registry.yarnpkg.com/isarray/-/isarray-0.0.1.tgz#8a18acfca9a8f4177e09abfc6038939b05d1eedf"

isarray@~1.0.0:
  version "1.0.0"
  resolved "https://registry.yarnpkg.com/isarray/-/isarray-1.0.0.tgz#bb935d48582cba168c06834957a54a3e07124f11"

js-base64@~2.1.5:
  version "2.1.9"
  resolved "https://registry.yarnpkg.com/js-base64/-/js-base64-2.1.9.tgz#f0e80ae039a4bd654b5f281fc93f04a914a7fcce"

jsonparse@0.0.5:
  version "0.0.5"
  resolved "https://registry.yarnpkg.com/jsonparse/-/jsonparse-0.0.5.tgz#330542ad3f0a654665b778f3eb2d9a9fa507ac64"

jstransform@~3.0.0:
  version "3.0.0"
  resolved "https://registry.yarnpkg.com/jstransform/-/jstransform-3.0.0.tgz#a2591ab6cee8d97bf3be830dbfa2313b87cd640b"
  dependencies:
    base62 "0.1.1"
    esprima-fb "~3001.1.0-dev-harmony-fb"
    source-map "0.1.31"

kind-of@^3.0.2:
  version "3.2.2"
  resolved "https://registry.yarnpkg.com/kind-of/-/kind-of-3.2.2.tgz#31ea21a734bab9bbb0f32466d893aea51e4a3c64"
  dependencies:
    is-buffer "^1.1.5"

lazy-cache@^1.0.3:
  version "1.0.4"
  resolved "https://registry.yarnpkg.com/lazy-cache/-/lazy-cache-1.0.4.tgz#a1d78fc3a50474cb80845d3b3b6e1da49a446e8e"

lcid@^1.0.0:
  version "1.0.0"
  resolved "https://registry.yarnpkg.com/lcid/-/lcid-1.0.0.tgz#308accafa0bc483a3867b4b6f2b9506251d1b835"
  dependencies:
    invert-kv "^1.0.0"

levn@~0.3.0:
  version "0.3.0"
  resolved "https://registry.yarnpkg.com/levn/-/levn-0.3.0.tgz#3b09924edf9f083c0490fdd4c0bc4421e04764ee"
  dependencies:
    prelude-ls "~1.1.2"
    type-check "~0.3.2"

longest@^1.0.1:
  version "1.0.1"
  resolved "https://registry.yarnpkg.com/longest/-/longest-1.0.1.tgz#30a0b2da38f73770e8294a0d22e6625ed77d0097"

lru-cache@2, lru-cache@~2.5.0:
  version "2.5.2"
  resolved "https://registry.yarnpkg.com/lru-cache/-/lru-cache-2.5.2.tgz#1fddad938aae1263ce138680be1b3f591c0ab41c"

makeerror@1.0.x:
  version "1.0.11"
  resolved "https://registry.yarnpkg.com/makeerror/-/makeerror-1.0.11.tgz#e01a5c9109f2af79660e4e8b9587790184f5a96c"
  dependencies:
    tmpl "1.0.x"

map-stream@~0.1.0:
  version "0.1.0"
  resolved "https://registry.yarnpkg.com/map-stream/-/map-stream-0.1.0.tgz#e56aa94c4c8055a16404a0674b78f215f7c8e194"

methods@0.0.1:
  version "0.0.1"
  resolved "https://registry.yarnpkg.com/methods/-/methods-0.0.1.tgz#277c90f8bef39709645a8371c51c3b6c648e068c"

mime@1.2.5:
  version "1.2.5"
  resolved "https://registry.yarnpkg.com/mime/-/mime-1.2.5.tgz#9eed073022a8bf5e16c8566c6867b8832bfbfa13"

minimatch@0.3:
  version "0.3.0"
  resolved "https://registry.yarnpkg.com/minimatch/-/minimatch-0.3.0.tgz#275d8edaac4f1bb3326472089e7949c8394699dd"
  dependencies:
    lru-cache "2"
    sigmund "~1.0.0"

"minimatch@2 || 3", minimatch@^3.0.4:
  version "3.0.4"
  resolved "https://registry.yarnpkg.com/minimatch/-/minimatch-3.0.4.tgz#5166e286457f03306064be5497e8dbb0c3d32083"
  dependencies:
    brace-expansion "^1.1.7"

minimatch@~0.2.14:
  version "0.2.14"
  resolved "https://registry.yarnpkg.com/minimatch/-/minimatch-0.2.14.tgz#c74e780574f63c6f9a090e90efbe6ef53a6a756a"
  dependencies:
    lru-cache "2"
    sigmund "~1.0.0"

minimist@0.0.8:
  version "0.0.8"
  resolved "https://registry.yarnpkg.com/minimist/-/minimist-0.0.8.tgz#857fcabfc3397d2625b8228262e86aa7a011b05d"

mkdirp@0, mkdirp@^0.3.5, mkdirp@~0.3.5:
  version "0.3.5"
  resolved "https://registry.yarnpkg.com/mkdirp/-/mkdirp-0.3.5.tgz#de3e5f8961c88c787ee1368df849ac4413eca8d7"

mkdirp@0.5, mkdirp@^0.5.0:
  version "0.5.1"
  resolved "https://registry.yarnpkg.com/mkdirp/-/mkdirp-0.5.1.tgz#30057438eac6cf7f8c4767f38648d6697d75c903"
  dependencies:
    minimist "0.0.8"

ms@2.0.0:
  version "2.0.0"
  resolved "https://registry.yarnpkg.com/ms/-/ms-2.0.0.tgz#5608aeadfc00be6c2901df5f9861788de0d597c8"

natives@^1.1.0:
  version "1.1.3"
  resolved "https://registry.yarnpkg.com/natives/-/natives-1.1.3.tgz#44a579be64507ea2d6ed1ca04a9415915cf75558"

netmask@~1.0.4:
  version "1.0.6"
  resolved "https://registry.yarnpkg.com/netmask/-/netmask-1.0.6.tgz#20297e89d86f6f6400f250d9f4f6b4c1945fcd35"

netrc@~0.1.3:
  version "0.1.4"
  resolved "https://registry.yarnpkg.com/netrc/-/netrc-0.1.4.tgz#6be94fcaca8d77ade0a9670dc460914c94472444"

nopt@^2.2.0:
  version "2.2.1"
  resolved "https://registry.yarnpkg.com/nopt/-/nopt-2.2.1.tgz#2aa09b7d1768487b3b89a9c5aa52335bff0baea7"
  dependencies:
    abbrev "1"

nopt@~2.0.0:
  version "2.0.0"
  resolved "https://registry.yarnpkg.com/nopt/-/nopt-2.0.0.tgz#ca7416f20a5e3f9c3b86180f96295fa3d0b52e0d"
  dependencies:
    abbrev "1"

noptify@~0.0.3:
  version "0.0.3"
  resolved "https://registry.yarnpkg.com/noptify/-/noptify-0.0.3.tgz#58f654a73d9753df0c51d9686dc92104a67f4bbb"
  dependencies:
    nopt "~2.0.0"

object-assign@^0.3.0:
  version "0.3.1"
  resolved "https://registry.yarnpkg.com/object-assign/-/object-assign-0.3.1.tgz#060e2a2a27d7c0d77ec77b78f11aa47fd88008d2"

once@^1.3.0:
  version "1.4.0"
  resolved "https://registry.yarnpkg.com/once/-/once-1.4.0.tgz#583b1aa775961d4b113ac17d9c50baef9dd76bd1"
  dependencies:
    wrappy "1"

optionator@^0.8.1:
  version "0.8.2"
  resolved "https://registry.yarnpkg.com/optionator/-/optionator-0.8.2.tgz#364c5e409d3f4d6301d6c0b4c05bba50180aeb64"
  dependencies:
    deep-is "~0.1.3"
    fast-levenshtein "~2.0.4"
    levn "~0.3.0"
    prelude-ls "~1.1.2"
    type-check "~0.3.2"
    wordwrap "~1.0.0"

os-locale@^1.4.0:
  version "1.4.0"
  resolved "https://registry.yarnpkg.com/os-locale/-/os-locale-1.4.0.tgz#20f9f17ae29ed345e8bde583b13d2009803c14d9"
  dependencies:
    lcid "^1.0.0"

pac-proxy-agent@0:
  version "0.2.0"
  resolved "https://registry.yarnpkg.com/pac-proxy-agent/-/pac-proxy-agent-0.2.0.tgz#ad902909d92f4fe7cc2e5f59f5bf5061bcfa71b2"
  dependencies:
    agent-base "~1.0.1"
    debug "2"
    extend "~1.2.1"
    get-uri "~0.1.0"
    pac-resolver "~1.2.1"
    proxy-agent "1"
    stream-to-array "~1.0.0"

pac-resolver@~1.2.1:
  version "1.2.6"
  resolved "https://registry.yarnpkg.com/pac-resolver/-/pac-resolver-1.2.6.tgz#ed03af0c5b5933505bdd3f07f75175466d5e7cfb"
  dependencies:
    co "~3.0.6"
    degenerator "~1.0.0"
    netmask "~1.0.4"
    regenerator "~0.8.13"
    thunkify "~2.1.1"

path-is-absolute@^1.0.0:
  version "1.0.1"
  resolved "https://registry.yarnpkg.com/path-is-absolute/-/path-is-absolute-1.0.1.tgz#174b9268735534ffbc7ace6bf53a5a9e1b5c5f5f"

pause-stream@0.0.11:
  version "0.0.11"
  resolved "https://registry.yarnpkg.com/pause-stream/-/pause-stream-0.0.11.tgz#fe5a34b0cbce12b5aa6a2b403ee2e73b602f1445"
  dependencies:
    through "~2.3"

postcss@~2.2.5:
  version "2.2.6"
  resolved "https://registry.yarnpkg.com/postcss/-/postcss-2.2.6.tgz#c04344e2449e4586b955fbe4a74f77080d84571f"
  dependencies:
    js-base64 "~2.1.5"
    source-map "~0.1.40"

prelude-ls@~1.1.2:
  version "1.1.2"
  resolved "https://registry.yarnpkg.com/prelude-ls/-/prelude-ls-1.1.2.tgz#21932a549f5e52ffd9a827f570e04be62a97da54"

private@^0.1.6, private@~0.1.5:
  version "0.1.8"
  resolved "https://registry.yarnpkg.com/private/-/private-0.1.8.tgz#2381edb3689f7a53d653190060fcf822d2f368ff"

process-nextick-args@~2.0.0:
  version "2.0.0"
  resolved "https://registry.yarnpkg.com/process-nextick-args/-/process-nextick-args-2.0.0.tgz#a37d732f4271b4ab1ad070d35508e8290788ffaa"

proxy-agent@1, proxy-agent@^1.1.0:
  version "1.1.1"
  resolved "https://registry.yarnpkg.com/proxy-agent/-/proxy-agent-1.1.1.tgz#fcb1eef5e58965c995f938f029d729fc81858b95"
  dependencies:
    http-proxy-agent "0"
    https-proxy-agent "0"
    lru-cache "~2.5.0"
    pac-proxy-agent "0"
    socks-proxy-agent "1"

q@^1.1.2:
  version "1.5.1"
  resolved "https://registry.yarnpkg.com/q/-/q-1.5.1.tgz#7e32f75b41381291d04611f1bf14109ac00651d7"

qs@0.6.5:
  version "0.6.5"
  resolved "https://registry.yarnpkg.com/qs/-/qs-0.6.5.tgz#294b268e4b0d4250f6dde19b3b8b34935dff14ef"

qs@~0.5.2:
  version "0.5.6"
  resolved "https://registry.yarnpkg.com/qs/-/qs-0.5.6.tgz#31b1ad058567651c526921506b9a8793911a0384"

raw-body@^1.1.2:
  version "1.3.4"
  resolved "https://registry.yarnpkg.com/raw-body/-/raw-body-1.3.4.tgz#ccc7ddfc46b72861cdd5bb433c840b70b6f27f54"
  dependencies:
    bytes "1.0.0"
    iconv-lite "0.4.8"

readable-stream@1.1.x:
  version "1.1.14"
  resolved "https://registry.yarnpkg.com/readable-stream/-/readable-stream-1.1.14.tgz#7cf4c54ef648e3813084c636dd2079e166c081d9"
  dependencies:
    core-util-is "~1.0.0"
    inherits "~2.0.1"
    isarray "0.0.1"
    string_decoder "~0.10.x"

readable-stream@2:
  version "2.3.6"
  resolved "https://registry.yarnpkg.com/readable-stream/-/readable-stream-2.3.6.tgz#b11c27d88b8ff1fbe070643cf94b0c79ae1b0aaf"
  dependencies:
    core-util-is "~1.0.0"
    inherits "~2.0.3"
    isarray "~1.0.0"
    process-nextick-args "~2.0.0"
    safe-buffer "~5.1.1"
    string_decoder "~1.1.1"
    util-deprecate "~1.0.1"

recast@0.10.33:
  version "0.10.33"
  resolved "https://registry.yarnpkg.com/recast/-/recast-0.10.33.tgz#942808f7aa016f1fa7142c461d7e5704aaa8d697"
  dependencies:
    ast-types "0.8.12"
    esprima-fb "~15001.1001.0-dev-harmony-fb"
    private "~0.1.5"
    source-map "~0.5.0"

recast@^0.11.17:
  version "0.11.23"
  resolved "https://registry.yarnpkg.com/recast/-/recast-0.11.23.tgz#451fd3004ab1e4df9b4e4b66376b2a21912462d3"
  dependencies:
    ast-types "0.9.6"
    esprima "~3.1.0"
    private "~0.1.5"
    source-map "~0.5.0"

reduce-component@1.0.1:
  version "1.0.1"
  resolved "https://registry.yarnpkg.com/reduce-component/-/reduce-component-1.0.1.tgz#e0c93542c574521bea13df0f9488ed82ab77c5da"

regenerator-runtime@~0.9.5:
  version "0.9.6"
  resolved "https://registry.yarnpkg.com/regenerator-runtime/-/regenerator-runtime-0.9.6.tgz#d33eb95d0d2001a4be39659707c51b0cb71ce029"

regenerator@~0.8.13:
  version "0.8.46"
  resolved "https://registry.yarnpkg.com/regenerator/-/regenerator-0.8.46.tgz#154c327686361ed52cad69b2545efc53a3d07696"
  dependencies:
    commoner "~0.10.3"
    defs "~1.1.0"
    esprima-fb "~15001.1001.0-dev-harmony-fb"
    private "~0.1.5"
    recast "0.10.33"
    regenerator-runtime "~0.9.5"
    through "~2.3.8"

repeat-string@^1.5.2:
  version "1.6.1"
  resolved "https://registry.yarnpkg.com/repeat-string/-/repeat-string-1.6.1.tgz#8dcae470e1c88abc2d600fff4a776286da75e637"

requires@^1.0.0:
  version "1.0.2"
  resolved "https://registry.yarnpkg.com/requires/-/requires-1.0.2.tgz#76304e821345622fe3fac0b0711a1e4f2828f0fa"

right-align@^0.1.1:
  version "0.1.3"
  resolved "https://registry.yarnpkg.com/right-align/-/right-align-0.1.3.tgz#61339b722fe6a3515689210d24e14c96148613ef"
  dependencies:
    align-text "^0.1.1"

rimraf@2, rimraf@^2.2.2, rimraf@^2.2.6:
  version "2.6.2"
  resolved "https://registry.yarnpkg.com/rimraf/-/rimraf-2.6.2.tgz#2ed8150d24a16ea8651e6d6ef0f47c4158ce7a36"
  dependencies:
    glob "^7.0.5"

safe-buffer@~5.1.0, safe-buffer@~5.1.1:
  version "5.1.1"
  resolved "https://registry.yarnpkg.com/safe-buffer/-/safe-buffer-5.1.1.tgz#893312af69b2123def71f57889001671eeb2c853"

sane@0:
  version "0.8.1"
  resolved "https://registry.yarnpkg.com/sane/-/sane-0.8.1.tgz#243a4b204081be5593c0a22b0bbb11573512fcc7"
  dependencies:
    minimatch "~0.2.14"
    walker "~1.0.5"
    watch "~0.10.0"

semver@^2.2.0, semver@^2.2.1:
  version "2.3.2"
  resolved "https://registry.yarnpkg.com/semver/-/semver-2.3.2.tgz#b9848f25d6cf36333073ec9ef8856d42f1233e52"

sigmund@~1.0.0:
  version "1.0.1"
  resolved "https://registry.yarnpkg.com/sigmund/-/sigmund-1.0.1.tgz#3ff21f198cad2175f9f3b781853fd94d0d19b590"

simple-fmt@~0.1.0:
  version "0.1.0"
  resolved "https://registry.yarnpkg.com/simple-fmt/-/simple-fmt-0.1.0.tgz#191bf566a59e6530482cb25ab53b4a8dc85c3a6b"

simple-is@~0.2.0:
  version "0.2.0"
  resolved "https://registry.yarnpkg.com/simple-is/-/simple-is-0.2.0.tgz#2abb75aade39deb5cc815ce10e6191164850baf0"

smart-buffer@^1.0.13:
  version "1.1.15"
  resolved "https://registry.yarnpkg.com/smart-buffer/-/smart-buffer-1.1.15.tgz#7f114b5b65fab3e2a35aa775bb12f0d1c649bf16"

socks-proxy-agent@1:
  version "1.0.2"
  resolved "https://registry.yarnpkg.com/socks-proxy-agent/-/socks-proxy-agent-1.0.2.tgz#67e06b447fe5637417fde5733cbfdfec9ffe117f"
  dependencies:
    agent-base "~1.0.1"
    extend "~1.2.1"
    socks "~1.1.5"

socks@~1.1.5:
  version "1.1.10"
  resolved "https://registry.yarnpkg.com/socks/-/socks-1.1.10.tgz#5b8b7fc7c8f341c53ed056e929b7bf4de8ba7b5a"
  dependencies:
    ip "^1.1.4"
    smart-buffer "^1.0.13"

source-map@0.1.31:
  version "0.1.31"
  resolved "https://registry.yarnpkg.com/source-map/-/source-map-0.1.31.tgz#9f704d0d69d9e138a81badf6ebb4fde33d151c61"
  dependencies:
    amdefine ">=0.0.4"

source-map@~0.1.40:
  version "0.1.43"
  resolved "https://registry.yarnpkg.com/source-map/-/source-map-0.1.43.tgz#c24bc146ca517c1471f5dacbe2571b2b7f9e3346"
  dependencies:
    amdefine ">=0.0.4"

source-map@~0.5.0:
  version "0.5.7"
  resolved "https://registry.yarnpkg.com/source-map/-/source-map-0.5.7.tgz#8a039d2d1021d22d1ea14c80d8ea468ba2ef3fcc"

source-map@~0.6.1:
  version "0.6.1"
  resolved "https://registry.yarnpkg.com/source-map/-/source-map-0.6.1.tgz#74722af32e9614e9c287a8d0bbde48b5e2f1a263"

split@0.3:
  version "0.3.3"
  resolved "https://registry.yarnpkg.com/split/-/split-0.3.3.tgz#cd0eea5e63a211dfff7eb0f091c4133e2d0dd28f"
  dependencies:
    through "2"

stable@~0.1.3:
  version "0.1.7"
  resolved "https://registry.yarnpkg.com/stable/-/stable-0.1.7.tgz#06e1e4213460252e4f20da89a32cb4a0dbe5f2b2"

statuses@^1.0.2:
  version "1.5.0"
  resolved "https://registry.yarnpkg.com/statuses/-/statuses-1.5.0.tgz#161c7dac177659fd9811f43771fa99381478628c"

stream-combiner@^0.0.4, stream-combiner@~0.0.4:
  version "0.0.4"
  resolved "https://registry.yarnpkg.com/stream-combiner/-/stream-combiner-0.0.4.tgz#4d5e433c185261dde623ca3f44c586bcf5c4ad14"
  dependencies:
    duplexer "~0.1.1"

stream-to-array@^1.0.0, stream-to-array@~1.0.0:
  version "1.0.0"
  resolved "https://registry.yarnpkg.com/stream-to-array/-/stream-to-array-1.0.0.tgz#94166bb29f3ea24f082d2f8cd3ebb2cc0d6eca2c"

string_decoder@~0.10.x:
  version "0.10.31"
  resolved "https://registry.yarnpkg.com/string_decoder/-/string_decoder-0.10.31.tgz#62e203bc41766c6c28c9fc84301dab1c5310fa94"

string_decoder@~1.1.1:
  version "1.1.1"
  resolved "https://registry.yarnpkg.com/string_decoder/-/string_decoder-1.1.1.tgz#9cf1611ba62685d7030ae9e4ba34149c3af03fc8"
  dependencies:
    safe-buffer "~5.1.0"

stringmap@~0.2.2:
  version "0.2.2"
  resolved "https://registry.yarnpkg.com/stringmap/-/stringmap-0.2.2.tgz#556c137b258f942b8776f5b2ef582aa069d7d1b1"

stringset@~0.2.1:
  version "0.2.1"
  resolved "https://registry.yarnpkg.com/stringset/-/stringset-0.2.1.tgz#ef259c4e349344377fcd1c913dd2e848c9c042b5"

superagent@~0.17.0:
  version "0.17.0"
  resolved "https://registry.yarnpkg.com/superagent/-/superagent-0.17.0.tgz#aadcd50fbe5a93e71991118d79bf0714d625bba8"
  dependencies:
    cookiejar "1.3.0"
    debug "~0.7.2"
    emitter-component "1.0.0"
    extend "~1.2.1"
    formidable "1.0.14"
    methods "0.0.1"
    mime "1.2.5"
    qs "0.6.5"
    reduce-component "1.0.1"

syntax-error@^1.1.1:
  version "1.4.0"
  resolved "https://registry.yarnpkg.com/syntax-error/-/syntax-error-1.4.0.tgz#2d9d4ff5c064acb711594a3e3b95054ad51d907c"
  dependencies:
    acorn-node "^1.2.0"

tar@^0.1.18:
  version "0.1.20"
  resolved "https://registry.yarnpkg.com/tar/-/tar-0.1.20.tgz#42940bae5b5f22c74483699126f9f3f27449cb13"
  dependencies:
    block-stream "*"
    fstream "~0.1.28"
    inherits "2"

tempfile@^0.1.2:
  version "0.1.3"
  resolved "https://registry.yarnpkg.com/tempfile/-/tempfile-0.1.3.tgz#7d6b710047339d39f847327a056dadf183103010"
  dependencies:
    uuid "~1.4.0"

through@2, "through@>=2.2.7 <3", through@~2.3, through@~2.3.1, through@~2.3.8:
  version "2.3.8"
  resolved "https://registry.yarnpkg.com/through/-/through-2.3.8.tgz#0dd4c9ffaabc357960b1b724115d7e0e86a2e1f5"

thunkify@~2.1.1:
  version "2.1.2"
  resolved "https://registry.yarnpkg.com/thunkify/-/thunkify-2.1.2.tgz#faa0e9d230c51acc95ca13a361ac05ca7e04553d"

tiny-lr-fork@0.0.5:
  version "0.0.5"
  resolved "https://registry.yarnpkg.com/tiny-lr-fork/-/tiny-lr-fork-0.0.5.tgz#1e99e1e2a8469b736ab97d97eefa98c71f76ed0a"
  dependencies:
    debug "~0.7.0"
    faye-websocket "~0.4.3"
    noptify "~0.0.3"
    qs "~0.5.2"

tmpl@1.0.x:
  version "1.0.4"
  resolved "https://registry.yarnpkg.com/tmpl/-/tmpl-1.0.4.tgz#23640dd7b42d00433911140820e5cf440e521dd1"

to-descriptor@*:
  version "1.0.1"
  resolved "https://registry.yarnpkg.com/to-descriptor/-/to-descriptor-1.0.1.tgz#a0e678c34ebc7d2dae464d8372bc21479d9c2bcd"

tryor@~0.1.2:
  version "0.1.2"
  resolved "https://registry.yarnpkg.com/tryor/-/tryor-0.1.2.tgz#8145e4ca7caff40acde3ccf946e8b8bb75b4172b"

type-check@~0.3.2:
  version "0.3.2"
  resolved "https://registry.yarnpkg.com/type-check/-/type-check-0.3.2.tgz#5884cab512cf1d355e3fb784f30804b2b520db72"
  dependencies:
    prelude-ls "~1.1.2"

underscore.string@~2.3.3:
  version "2.3.3"
  resolved "https://registry.yarnpkg.com/underscore.string/-/underscore.string-2.3.3.tgz#71c08bf6b428b1133f37e78fa3a21c82f7329b0d"

unglob@~0.1.1, unglob@~0.1.2:
  version "0.1.2"
  resolved "https://registry.yarnpkg.com/unglob/-/unglob-0.1.2.tgz#f2ec06284e491a1c77611a760a8b8ea300272c38"
  dependencies:
    generator-supported "~0.0.1"
    glob "~3.2.8"
    minimatch "~0.2.14"

util-deprecate@~1.0.1:
  version "1.0.2"
  resolved "https://registry.yarnpkg.com/util-deprecate/-/util-deprecate-1.0.2.tgz#450d4dc9fa70de732762fbd2d4a28981419a0ccf"

uuid@~1.4.0:
  version "1.4.2"
  resolved "https://registry.yarnpkg.com/uuid/-/uuid-1.4.2.tgz#453019f686966a6df83cdc5244e7c990ecc332fc"

walker@~1.0.5:
  version "1.0.7"
  resolved "https://registry.yarnpkg.com/walker/-/walker-1.0.7.tgz#2f7f9b8fd10d677262b18a884e28d19618e028fb"
  dependencies:
    makeerror "1.0.x"

watch@~0.10.0:
  version "0.10.0"
  resolved "https://registry.yarnpkg.com/watch/-/watch-0.10.0.tgz#77798b2da0f9910d595f1ace5b0c2258521f21dc"

win-fork@~1.1.1:
  version "1.1.1"
  resolved "https://registry.yarnpkg.com/win-fork/-/win-fork-1.1.1.tgz#8f58e0656fca00adc8c86a2b89e3cd2d6a2d5e5e"

window-size@^0.1.2:
  version "0.1.4"
  resolved "https://registry.yarnpkg.com/window-size/-/window-size-0.1.4.tgz#f8e1aa1ee5a53ec5bf151ffa09742a6ad7697876"

wordwrap@0.0.2:
  version "0.0.2"
  resolved "https://registry.yarnpkg.com/wordwrap/-/wordwrap-0.0.2.tgz#b79669bb42ecb409f83d583cad52ca17eaa1643f"

wordwrap@~1.0.0:
  version "1.0.0"
  resolved "https://registry.yarnpkg.com/wordwrap/-/wordwrap-1.0.0.tgz#27584810891456a4171c8d0226441ade90cbcaeb"

wrappy@1:
  version "1.0.2"
  resolved "https://registry.yarnpkg.com/wrappy/-/wrappy-1.0.2.tgz#b5243d8f3ec1aa35f1364605bc0d1036e30ab69f"

write-to@^1.0.0:
  version "1.1.1"
  resolved "https://registry.yarnpkg.com/write-to/-/write-to-1.1.1.tgz#5eefbf682d128c2ab0c05f65df1038739e06c6a3"
  dependencies:
    dethroy "1"
    mkdirp "0"

xregexp@2.0.0:
  version "2.0.0"
  resolved "https://registry.yarnpkg.com/xregexp/-/xregexp-2.0.0.tgz#52a63e56ca0b84a7f3a5f3d61872f126ad7a5943"

xtend@^4.0.1:
  version "4.0.1"
  resolved "https://registry.yarnpkg.com/xtend/-/xtend-4.0.1.tgz#a5c6d532be656e23db820efb943a1f04998d63af"

y18n@^3.2.0:
  version "3.2.1"
  resolved "https://registry.yarnpkg.com/y18n/-/y18n-3.2.1.tgz#6d15fba884c08679c0d77e88e7759e811e07fa41"

yargs@~3.27.0:
  version "3.27.0"
  resolved "https://registry.yarnpkg.com/yargs/-/yargs-3.27.0.tgz#21205469316e939131d59f2da0c6d7f98221ea40"
  dependencies:
    camelcase "^1.2.1"
    cliui "^2.1.0"
    decamelize "^1.0.0"
    os-locale "^1.4.0"
    window-size "^0.1.2"
    y18n "^3.2.0"
